// !$*UTF8*$!
{
	archiveVersion = 1;
	classes = {
	};
	objectVersion = 56;
	objects = {

/* Begin PBXBuildFile section */
		2D09F89B294393240090B594 /* Enums.swift in Sources */ = {isa = PBXBuildFile; fileRef = 2D09F89A294393240090B594 /* Enums.swift */; };
		2D09F89F294398E60090B594 /* Accomodation.swift in Sources */ = {isa = PBXBuildFile; fileRef = 2D09F89E294398E60090B594 /* Accomodation.swift */; };
		2D09F8A22944B2C80090B594 /* AddPoIView.swift in Sources */ = {isa = PBXBuildFile; fileRef = 2D09F8A12944B2C80090B594 /* AddPoIView.swift */; };
		2D09F8A42944B5350090B594 /* PointOfInterest.swift in Sources */ = {isa = PBXBuildFile; fileRef = 2D09F8A32944B5350090B594 /* PointOfInterest.swift */; };
		2D09F8A62944BAB00090B594 /* PoIAnnotation.swift in Sources */ = {isa = PBXBuildFile; fileRef = 2D09F8A52944BAB00090B594 /* PoIAnnotation.swift */; };
		2D6AAC4B2940B5BA00A7AC00 /* TenwantApp.swift in Sources */ = {isa = PBXBuildFile; fileRef = 2D6AAC4A2940B5BA00A7AC00 /* TenwantApp.swift */; };
		2D6AAC4F2940B5BB00A7AC00 /* Assets.xcassets in Resources */ = {isa = PBXBuildFile; fileRef = 2D6AAC4E2940B5BB00A7AC00 /* Assets.xcassets */; };
		2D6AAC532940B5BB00A7AC00 /* Preview Assets.xcassets in Resources */ = {isa = PBXBuildFile; fileRef = 2D6AAC522940B5BB00A7AC00 /* Preview Assets.xcassets */; };
		2D8368612949ECC400088115 /* MyAccommodationsView.swift in Sources */ = {isa = PBXBuildFile; fileRef = 2D8368602949ECC400088115 /* MyAccommodationsView.swift */; };
		2D8A08BD29471A2800AE2DE3 /* AccommodationAnnotation.swift in Sources */ = {isa = PBXBuildFile; fileRef = 2DB6CB8029415F5F0048CF00 /* AccommodationAnnotation.swift */; };
		2DB6CB7D29415EDD0048CF00 /* MapView.swift in Sources */ = {isa = PBXBuildFile; fileRef = 2DB6CB7C29415EDD0048CF00 /* MapView.swift */; };
		2DB6CB7F29415EF30048CF00 /* MapViewRepresentable.swift in Sources */ = {isa = PBXBuildFile; fileRef = 2DB6CB7E29415EF30048CF00 /* MapViewRepresentable.swift */; };
		2DB6CB832941F7CC0048CF00 /* MapViewModel.swift in Sources */ = {isa = PBXBuildFile; fileRef = 2DB6CB822941F7CC0048CF00 /* MapViewModel.swift */; };
		2DB6CB852941F9000048CF00 /* AlertContent.swift in Sources */ = {isa = PBXBuildFile; fileRef = 2DB6CB842941F9000048CF00 /* AlertContent.swift */; };
		2DE7B3182949FFC700A298BE /* AccommodationSheetView.swift in Sources */ = {isa = PBXBuildFile; fileRef = 2DE7B3172949FFC700A298BE /* AccommodationSheetView.swift */; };
		2DF1FCC92946219600815F32 /* AccommodationDetailsView.swift in Sources */ = {isa = PBXBuildFile; fileRef = 2DF1FCC82946219600815F32 /* AccommodationDetailsView.swift */; };
		2DF1FCCD2946277000815F32 /* AddAccommodationViewModel.swift in Sources */ = {isa = PBXBuildFile; fileRef = 2DF1FCCC2946277000815F32 /* AddAccommodationViewModel.swift */; };
		A90B3D4C2940C03500A8E180 /* MainView.swift in Sources */ = {isa = PBXBuildFile; fileRef = A90B3D4B2940C03500A8E180 /* MainView.swift */; };
		A90B3D522940D3E200A8E180 /* GalleryView.swift in Sources */ = {isa = PBXBuildFile; fileRef = A90B3D512940D3E200A8E180 /* GalleryView.swift */; };
		A90B3D5929423AA800A8E180 /* MyCalendarRowView.swift in Sources */ = {isa = PBXBuildFile; fileRef = A90B3D5829423AA800A8E180 /* MyCalendarRowView.swift */; };
		A90B3D5B2942415900A8E180 /* MyCalendarListView.swift in Sources */ = {isa = PBXBuildFile; fileRef = A90B3D5A2942415900A8E180 /* MyCalendarListView.swift */; };
		A90B3D5D2942417500A8E180 /* MyCalendarView.swift in Sources */ = {isa = PBXBuildFile; fileRef = A90B3D5C2942417500A8E180 /* MyCalendarView.swift */; };
		A90B3D5F2942484E00A8E180 /* MyCalendarWeeklyView.swift in Sources */ = {isa = PBXBuildFile; fileRef = A90B3D5E2942484E00A8E180 /* MyCalendarWeeklyView.swift */; };
		A998190C2949BC8300464125 /* ActionButtonView.swift in Sources */ = {isa = PBXBuildFile; fileRef = A998190B2949BC8300464125 /* ActionButtonView.swift */; };
		A9B30F7E2944C173009F5B9A /* AccommodationCardView.swift in Sources */ = {isa = PBXBuildFile; fileRef = A9B30F7D2944C173009F5B9A /* AccommodationCardView.swift */; };
		A9B30F802944C515009F5B9A /* AccommodationDetailsRow.swift in Sources */ = {isa = PBXBuildFile; fileRef = A9B30F7F2944C515009F5B9A /* AccommodationDetailsRow.swift */; };
		A9B30F862944C6B0009F5B9A /* AddAccommodationView.swift in Sources */ = {isa = PBXBuildFile; fileRef = A9B30F852944C6B0009F5B9A /* AddAccommodationView.swift */; };
		A9B30F8A29464FF1009F5B9A /* PointOfInterestViewModel.swift in Sources */ = {isa = PBXBuildFile; fileRef = A9B30F8929464FF1009F5B9A /* PointOfInterestViewModel.swift */; };
		BC38D31329474E0000AD4ED6 /* AccommodationDetailViewModel.swift in Sources */ = {isa = PBXBuildFile; fileRef = BC38D31229474E0000AD4ED6 /* AccommodationDetailViewModel.swift */; };
		BCDE64DD29428879008056AF /* Extensions.swift in Sources */ = {isa = PBXBuildFile; fileRef = BCDE64DC29428879008056AF /* Extensions.swift */; };
		BCE95ED82941F4200034D879 /* AccommodationData.xcdatamodeld in Sources */ = {isa = PBXBuildFile; fileRef = BCE95ED62941F4200034D879 /* AccommodationData.xcdatamodeld */; };
		BCE95EDA2941F8C50034D879 /* Persistence.swift in Sources */ = {isa = PBXBuildFile; fileRef = BCE95ED92941F8C50034D879 /* Persistence.swift */; };
/* End PBXBuildFile section */

/* Begin PBXFileReference section */
		2D09F89A294393240090B594 /* Enums.swift */ = {isa = PBXFileReference; lastKnownFileType = sourcecode.swift; path = Enums.swift; sourceTree = "<group>"; };
		2D09F89E294398E60090B594 /* Accomodation.swift */ = {isa = PBXFileReference; lastKnownFileType = sourcecode.swift; path = Accomodation.swift; sourceTree = "<group>"; };
		2D09F8A12944B2C80090B594 /* AddPoIView.swift */ = {isa = PBXFileReference; lastKnownFileType = sourcecode.swift; path = AddPoIView.swift; sourceTree = "<group>"; };
		2D09F8A32944B5350090B594 /* PointOfInterest.swift */ = {isa = PBXFileReference; lastKnownFileType = sourcecode.swift; path = PointOfInterest.swift; sourceTree = "<group>"; };
		2D09F8A52944BAB00090B594 /* PoIAnnotation.swift */ = {isa = PBXFileReference; lastKnownFileType = sourcecode.swift; path = PoIAnnotation.swift; sourceTree = "<group>"; };
		2D4BE73F294734FA00EAB80D /* AccommodationDetailViewModel.swift */ = {isa = PBXFileReference; lastKnownFileType = sourcecode.swift; path = AccommodationDetailViewModel.swift; sourceTree = "<group>"; };
		2D6AAC472940B5BA00A7AC00 /* Tenwant.app */ = {isa = PBXFileReference; explicitFileType = wrapper.application; includeInIndex = 0; path = Tenwant.app; sourceTree = BUILT_PRODUCTS_DIR; };
		2D6AAC4A2940B5BA00A7AC00 /* TenwantApp.swift */ = {isa = PBXFileReference; lastKnownFileType = sourcecode.swift; path = TenwantApp.swift; sourceTree = "<group>"; };
		2D6AAC4E2940B5BB00A7AC00 /* Assets.xcassets */ = {isa = PBXFileReference; lastKnownFileType = folder.assetcatalog; path = Assets.xcassets; sourceTree = "<group>"; };
		2D6AAC502940B5BB00A7AC00 /* Tenwant.entitlements */ = {isa = PBXFileReference; lastKnownFileType = text.plist.entitlements; path = Tenwant.entitlements; sourceTree = "<group>"; };
		2D6AAC522940B5BB00A7AC00 /* Preview Assets.xcassets */ = {isa = PBXFileReference; lastKnownFileType = folder.assetcatalog; path = "Preview Assets.xcassets"; sourceTree = "<group>"; };
		2D8368602949ECC400088115 /* MyAccommodationsView.swift */ = {isa = PBXFileReference; fileEncoding = 4; lastKnownFileType = sourcecode.swift; path = MyAccommodationsView.swift; sourceTree = "<group>"; };
		2DB6CB7C29415EDD0048CF00 /* MapView.swift */ = {isa = PBXFileReference; lastKnownFileType = sourcecode.swift; path = MapView.swift; sourceTree = "<group>"; };
		2DB6CB7E29415EF30048CF00 /* MapViewRepresentable.swift */ = {isa = PBXFileReference; lastKnownFileType = sourcecode.swift; path = MapViewRepresentable.swift; sourceTree = "<group>"; };
		2DB6CB8029415F5F0048CF00 /* AccommodationAnnotation.swift */ = {isa = PBXFileReference; lastKnownFileType = sourcecode.swift; path = AccommodationAnnotation.swift; sourceTree = "<group>"; };
		2DB6CB822941F7CC0048CF00 /* MapViewModel.swift */ = {isa = PBXFileReference; lastKnownFileType = sourcecode.swift; path = MapViewModel.swift; sourceTree = "<group>"; };
		2DB6CB842941F9000048CF00 /* AlertContent.swift */ = {isa = PBXFileReference; lastKnownFileType = sourcecode.swift; path = AlertContent.swift; sourceTree = "<group>"; };
		2DE7B3172949FFC700A298BE /* AccommodationSheetView.swift */ = {isa = PBXFileReference; lastKnownFileType = sourcecode.swift; path = AccommodationSheetView.swift; sourceTree = "<group>"; };
		2DF1FCC82946219600815F32 /* AccommodationDetailsView.swift */ = {isa = PBXFileReference; fileEncoding = 4; lastKnownFileType = sourcecode.swift; path = AccommodationDetailsView.swift; sourceTree = "<group>"; };
		2DF1FCCC2946277000815F32 /* AddAccommodationViewModel.swift */ = {isa = PBXFileReference; lastKnownFileType = sourcecode.swift; path = AddAccommodationViewModel.swift; sourceTree = "<group>"; };
		A90B3D4B2940C03500A8E180 /* MainView.swift */ = {isa = PBXFileReference; lastKnownFileType = sourcecode.swift; path = MainView.swift; sourceTree = "<group>"; };
		A90B3D512940D3E200A8E180 /* GalleryView.swift */ = {isa = PBXFileReference; lastKnownFileType = sourcecode.swift; path = GalleryView.swift; sourceTree = "<group>"; };
		A90B3D5829423AA800A8E180 /* MyCalendarRowView.swift */ = {isa = PBXFileReference; lastKnownFileType = sourcecode.swift; path = MyCalendarRowView.swift; sourceTree = "<group>"; };
		A90B3D5A2942415900A8E180 /* MyCalendarListView.swift */ = {isa = PBXFileReference; lastKnownFileType = sourcecode.swift; path = MyCalendarListView.swift; sourceTree = "<group>"; };
		A90B3D5C2942417500A8E180 /* MyCalendarView.swift */ = {isa = PBXFileReference; lastKnownFileType = sourcecode.swift; path = MyCalendarView.swift; sourceTree = "<group>"; };
		A90B3D5E2942484E00A8E180 /* MyCalendarWeeklyView.swift */ = {isa = PBXFileReference; lastKnownFileType = sourcecode.swift; path = MyCalendarWeeklyView.swift; sourceTree = "<group>"; };
		A998190B2949BC8300464125 /* ActionButtonView.swift */ = {isa = PBXFileReference; lastKnownFileType = sourcecode.swift; path = ActionButtonView.swift; sourceTree = "<group>"; };
		A9B30F7D2944C173009F5B9A /* AccommodationCardView.swift */ = {isa = PBXFileReference; lastKnownFileType = sourcecode.swift; path = AccommodationCardView.swift; sourceTree = "<group>"; };
		A9B30F7F2944C515009F5B9A /* AccommodationDetailsRow.swift */ = {isa = PBXFileReference; lastKnownFileType = sourcecode.swift; path = AccommodationDetailsRow.swift; sourceTree = "<group>"; };
		A9B30F852944C6B0009F5B9A /* AddAccommodationView.swift */ = {isa = PBXFileReference; lastKnownFileType = sourcecode.swift; path = AddAccommodationView.swift; sourceTree = "<group>"; };
		A9B30F8929464FF1009F5B9A /* PointOfInterestViewModel.swift */ = {isa = PBXFileReference; fileEncoding = 4; lastKnownFileType = sourcecode.swift; path = PointOfInterestViewModel.swift; sourceTree = "<group>"; };
		BC38D31229474E0000AD4ED6 /* AccommodationDetailViewModel.swift */ = {isa = PBXFileReference; fileEncoding = 4; lastKnownFileType = sourcecode.swift; path = AccommodationDetailViewModel.swift; sourceTree = "<group>"; };
		BCDE64DC29428879008056AF /* Extensions.swift */ = {isa = PBXFileReference; lastKnownFileType = sourcecode.swift; path = Extensions.swift; sourceTree = "<group>"; };
		BCE95ED72941F4200034D879 /* Accommodation.xcdatamodel */ = {isa = PBXFileReference; lastKnownFileType = wrapper.xcdatamodel; path = Accommodation.xcdatamodel; sourceTree = "<group>"; };
		BCE95ED92941F8C50034D879 /* Persistence.swift */ = {isa = PBXFileReference; lastKnownFileType = sourcecode.swift; path = Persistence.swift; sourceTree = "<group>"; };
/* End PBXFileReference section */

/* Begin PBXFrameworksBuildPhase section */
		2D6AAC442940B5BA00A7AC00 /* Frameworks */ = {
			isa = PBXFrameworksBuildPhase;
			buildActionMask = 2147483647;
			files = (
			);
			runOnlyForDeploymentPostprocessing = 0;
		};
/* End PBXFrameworksBuildPhase section */

/* Begin PBXGroup section */
		2D09F8A02944B2AA0090B594 /* Map */ = {
			isa = PBXGroup;
			children = (
				2DB6CB7C29415EDD0048CF00 /* MapView.swift */,
				2DB6CB7E29415EF30048CF00 /* MapViewRepresentable.swift */,
				2D09F8A12944B2C80090B594 /* AddPoIView.swift */,
				2DE7B3172949FFC700A298BE /* AccommodationSheetView.swift */,
			);
			path = Map;
			sourceTree = "<group>";
		};
		2D6AAC3E2940B5B900A7AC00 = {
			isa = PBXGroup;
			children = (
				2D6AAC492940B5BA00A7AC00 /* Tenwant */,
				2D6AAC482940B5BA00A7AC00 /* Products */,
			);
			sourceTree = "<group>";
		};
		2D6AAC482940B5BA00A7AC00 /* Products */ = {
			isa = PBXGroup;
			children = (
				2D6AAC472940B5BA00A7AC00 /* Tenwant.app */,
			);
			name = Products;
			sourceTree = "<group>";
		};
		2D6AAC492940B5BA00A7AC00 /* Tenwant */ = {
			isa = PBXGroup;
			children = (
				2DB6CB7B29415E390048CF00 /* ViewModels */,
				A90B3D4E2940D0A900A8E180 /* Components */,
				A90B3D532940DCF400A8E180 /* Models */,
				A90B3D4D2940D07F00A8E180 /* Views */,
				2D6AAC4A2940B5BA00A7AC00 /* TenwantApp.swift */,
				2D6AAC4E2940B5BB00A7AC00 /* Assets.xcassets */,
				2D6AAC502940B5BB00A7AC00 /* Tenwant.entitlements */,
				BCE95EDB2941F8E30034D879 /* CoreData */,
				2D6AAC512940B5BB00A7AC00 /* Preview Content */,
			);
			path = Tenwant;
			sourceTree = "<group>";
		};
		2D6AAC512940B5BB00A7AC00 /* Preview Content */ = {
			isa = PBXGroup;
			children = (
				2D6AAC522940B5BB00A7AC00 /* Preview Assets.xcassets */,
			);
			path = "Preview Content";
			sourceTree = "<group>";
		};
		2DB6CB7B29415E390048CF00 /* ViewModels */ = {
			isa = PBXGroup;
			children = (
				BC38D31229474E0000AD4ED6 /* AccommodationDetailViewModel.swift */,
				A9B30F8929464FF1009F5B9A /* PointOfInterestViewModel.swift */,
				2DB6CB822941F7CC0048CF00 /* MapViewModel.swift */,
				2DF1FCCC2946277000815F32 /* AddAccommodationViewModel.swift */,
				2D4BE73F294734FA00EAB80D /* AccommodationDetailViewModel.swift */,
			);
			path = ViewModels;
			sourceTree = "<group>";
		};
		A90B3D4D2940D07F00A8E180 /* Views */ = {
			isa = PBXGroup;
			children = (
				2D09F8A02944B2AA0090B594 /* Map */,
				A90B3D4B2940C03500A8E180 /* MainView.swift */,
				2D8368602949ECC400088115 /* MyAccommodationsView.swift */,
				A9B30F852944C6B0009F5B9A /* AddAccommodationView.swift */,
				2DF1FCC82946219600815F32 /* AccommodationDetailsView.swift */,
				D14E573E2947E37900BABCCF /* AppointmentRepresentable.swift */,
				D14E57402947E39500BABCCF /* ApppointmentView.swift */,
				A90B3D5C2942417500A8E180 /* MyCalendarView.swift */,
			);
			path = Views;
			sourceTree = "<group>";
		};
		A90B3D4E2940D0A900A8E180 /* Components */ = {
			isa = PBXGroup;
			children = (
				2DB6CB8029415F5F0048CF00 /* AccommodationAnnotation.swift */,
				A9B30F7D2944C173009F5B9A /* AccommodationCardView.swift */,
				A998190B2949BC8300464125 /* ActionButtonView.swift */,
				A90B3D512940D3E200A8E180 /* GalleryView.swift */,
				A90B3D5829423AA800A8E180 /* MyCalendarRowView.swift */,
				A9B30F7F2944C515009F5B9A /* AccommodationDetailsRow.swift */,
				A90B3D5A2942415900A8E180 /* MyCalendarListView.swift */,
				A90B3D5E2942484E00A8E180 /* MyCalendarWeeklyView.swift */,
				2D09F8A52944BAB00090B594 /* PoIAnnotation.swift */,
			);
			path = Components;
			sourceTree = "<group>";
		};
		A90B3D532940DCF400A8E180 /* Models */ = {
			isa = PBXGroup;
			children = (
				BC38D31029474DB200AD4ED6 /* Enums.swift */,
				2DB6CB842941F9000048CF00 /* AlertContent.swift */,
				2D09F89E294398E60090B594 /* Accomodation.swift */,
				2D09F8A32944B5350090B594 /* PointOfInterest.swift */,
			);
			path = Models;
			sourceTree = "<group>";
		};
		BCE95EDB2941F8E30034D879 /* CoreData */ = {
			isa = PBXGroup;
			children = (
				BCE95ED92941F8C50034D879 /* Persistence.swift */,
				BCE95ED62941F4200034D879 /* AccommodationData.xcdatamodeld */,
				BCDE64DC29428879008056AF /* Extensions.swift */,
			);
			path = CoreData;
			sourceTree = "<group>";
		};
/* End PBXGroup section */

/* Begin PBXNativeTarget section */
		2D6AAC462940B5BA00A7AC00 /* Tenwant */ = {
			isa = PBXNativeTarget;
			buildConfigurationList = 2D6AAC562940B5BB00A7AC00 /* Build configuration list for PBXNativeTarget "Tenwant" */;
			buildPhases = (
				2D6AAC432940B5BA00A7AC00 /* Sources */,
				2D6AAC442940B5BA00A7AC00 /* Frameworks */,
				2D6AAC452940B5BA00A7AC00 /* Resources */,
			);
			buildRules = (
			);
			dependencies = (
			);
			name = Tenwant;
			productName = AccommodationApp;
			productReference = 2D6AAC472940B5BA00A7AC00 /* Tenwant.app */;
			productType = "com.apple.product-type.application";
		};
/* End PBXNativeTarget section */

/* Begin PBXProject section */
		2D6AAC3F2940B5B900A7AC00 /* Project object */ = {
			isa = PBXProject;
			attributes = {
				BuildIndependentTargetsInParallel = 1;
				LastSwiftUpdateCheck = 1410;
				LastUpgradeCheck = 1410;
				TargetAttributes = {
					2D6AAC462940B5BA00A7AC00 = {
						CreatedOnToolsVersion = 14.1;
					};
				};
			};
			buildConfigurationList = 2D6AAC422940B5B900A7AC00 /* Build configuration list for PBXProject "Tenwant" */;
			compatibilityVersion = "Xcode 14.0";
			developmentRegion = en;
			hasScannedForEncodings = 0;
			knownRegions = (
				en,
				Base,
			);
			mainGroup = 2D6AAC3E2940B5B900A7AC00;
			productRefGroup = 2D6AAC482940B5BA00A7AC00 /* Products */;
			projectDirPath = "";
			projectRoot = "";
			targets = (
				2D6AAC462940B5BA00A7AC00 /* Tenwant */,
			);
		};
/* End PBXProject section */

/* Begin PBXResourcesBuildPhase section */
		2D6AAC452940B5BA00A7AC00 /* Resources */ = {
			isa = PBXResourcesBuildPhase;
			buildActionMask = 2147483647;
			files = (
				2D6AAC532940B5BB00A7AC00 /* Preview Assets.xcassets in Resources */,
				2D6AAC4F2940B5BB00A7AC00 /* Assets.xcassets in Resources */,
			);
			runOnlyForDeploymentPostprocessing = 0;
		};
/* End PBXResourcesBuildPhase section */

/* Begin PBXSourcesBuildPhase section */
		2D6AAC432940B5BA00A7AC00 /* Sources */ = {
			isa = PBXSourcesBuildPhase;
			buildActionMask = 2147483647;
			files = (
				2D8A08BD29471A2800AE2DE3 /* AccommodationAnnotation.swift in Sources */,
				A9B30F802944C515009F5B9A /* AccommodationDetailsRow.swift in Sources */,
				2DE7B3182949FFC700A298BE /* AccommodationSheetView.swift in Sources */,
				A9B30F862944C6B0009F5B9A /* AddAccommodationView.swift in Sources */,
				2DB6CB7F29415EF30048CF00 /* MapViewRepresentable.swift in Sources */,
				A90B3D5929423AA800A8E180 /* MyCalendarRowView.swift in Sources */,
				A90B3D522940D3E200A8E180 /* GalleryView.swift in Sources */,
				A9B30F8A29464FF1009F5B9A /* PointOfInterestViewModel.swift in Sources */,
				2D8368612949ECC400088115 /* MyAccommodationsView.swift in Sources */,
				A90B3D4C2940C03500A8E180 /* MainView.swift in Sources */,
				BCE95ED82941F4200034D879 /* AccommodationData.xcdatamodeld in Sources */,
				A9B30F7E2944C173009F5B9A /* AccommodationCardView.swift in Sources */,
				BCDE64DD29428879008056AF /* Extensions.swift in Sources */,
				D14E57412947E39500BABCCF /* ApppointmentView.swift in Sources */,
				2D09F89F294398E60090B594 /* Accomodation.swift in Sources */,
				BCE95EDA2941F8C50034D879 /* Persistence.swift in Sources */,
				2DB6CB852941F9000048CF00 /* AlertContent.swift in Sources */,
				2DF1FCCD2946277000815F32 /* AddAccommodationViewModel.swift in Sources */,
				2DB6CB7D29415EDD0048CF00 /* MapView.swift in Sources */,
				A998190C2949BC8300464125 /* ActionButtonView.swift in Sources */,
				2D09F8A42944B5350090B594 /* PointOfInterest.swift in Sources */,
				2D09F8A62944BAB00090B594 /* PoIAnnotation.swift in Sources */,
				2D09F8A22944B2C80090B594 /* AddPoIView.swift in Sources */,
				2D09F89B294393240090B594 /* Enums.swift in Sources */,
				2DF1FCC92946219600815F32 /* AccommodationDetailsView.swift in Sources */,
				2D6AAC4B2940B5BA00A7AC00 /* TenwantApp.swift in Sources */,
				BC38D31329474E0000AD4ED6 /* AccommodationDetailViewModel.swift in Sources */,
				2DB6CB832941F7CC0048CF00 /* MapViewModel.swift in Sources */,
				A90B3D5D2942417500A8E180 /* MyCalendarView.swift in Sources */,
				A90B3D5B2942415900A8E180 /* MyCalendarListView.swift in Sources */,
				A90B3D5F2942484E00A8E180 /* MyCalendarWeeklyView.swift in Sources */,
			);
			runOnlyForDeploymentPostprocessing = 0;
		};
/* End PBXSourcesBuildPhase section */

/* Begin XCBuildConfiguration section */
		2D6AAC542940B5BB00A7AC00 /* Debug */ = {
			isa = XCBuildConfiguration;
			buildSettings = {
				ALWAYS_SEARCH_USER_PATHS = NO;
				CLANG_ANALYZER_NONNULL = YES;
				CLANG_ANALYZER_NUMBER_OBJECT_CONVERSION = YES_AGGRESSIVE;
				CLANG_CXX_LANGUAGE_STANDARD = "gnu++20";
				CLANG_ENABLE_MODULES = YES;
				CLANG_ENABLE_OBJC_ARC = YES;
				CLANG_ENABLE_OBJC_WEAK = YES;
				CLANG_WARN_BLOCK_CAPTURE_AUTORELEASING = YES;
				CLANG_WARN_BOOL_CONVERSION = YES;
				CLANG_WARN_COMMA = YES;
				CLANG_WARN_CONSTANT_CONVERSION = YES;
				CLANG_WARN_DEPRECATED_OBJC_IMPLEMENTATIONS = YES;
				CLANG_WARN_DIRECT_OBJC_ISA_USAGE = YES_ERROR;
				CLANG_WARN_DOCUMENTATION_COMMENTS = YES;
				CLANG_WARN_EMPTY_BODY = YES;
				CLANG_WARN_ENUM_CONVERSION = YES;
				CLANG_WARN_INFINITE_RECURSION = YES;
				CLANG_WARN_INT_CONVERSION = YES;
				CLANG_WARN_NON_LITERAL_NULL_CONVERSION = YES;
				CLANG_WARN_OBJC_IMPLICIT_RETAIN_SELF = YES;
				CLANG_WARN_OBJC_LITERAL_CONVERSION = YES;
				CLANG_WARN_OBJC_ROOT_CLASS = YES_ERROR;
				CLANG_WARN_QUOTED_INCLUDE_IN_FRAMEWORK_HEADER = YES;
				CLANG_WARN_RANGE_LOOP_ANALYSIS = YES;
				CLANG_WARN_STRICT_PROTOTYPES = YES;
				CLANG_WARN_SUSPICIOUS_MOVE = YES;
				CLANG_WARN_UNGUARDED_AVAILABILITY = YES_AGGRESSIVE;
				CLANG_WARN_UNREACHABLE_CODE = YES;
				CLANG_WARN__DUPLICATE_METHOD_MATCH = YES;
				COPY_PHASE_STRIP = NO;
				DEBUG_INFORMATION_FORMAT = dwarf;
				ENABLE_STRICT_OBJC_MSGSEND = YES;
				ENABLE_TESTABILITY = YES;
				GCC_C_LANGUAGE_STANDARD = gnu11;
				GCC_DYNAMIC_NO_PIC = NO;
				GCC_NO_COMMON_BLOCKS = YES;
				GCC_OPTIMIZATION_LEVEL = 0;
				GCC_PREPROCESSOR_DEFINITIONS = (
					"DEBUG=1",
					"$(inherited)",
				);
				GCC_WARN_64_TO_32_BIT_CONVERSION = YES;
				GCC_WARN_ABOUT_RETURN_TYPE = YES_ERROR;
				GCC_WARN_UNDECLARED_SELECTOR = YES;
				GCC_WARN_UNINITIALIZED_AUTOS = YES_AGGRESSIVE;
				GCC_WARN_UNUSED_FUNCTION = YES;
				GCC_WARN_UNUSED_VARIABLE = YES;
				MTL_ENABLE_DEBUG_INFO = INCLUDE_SOURCE;
				MTL_FAST_MATH = YES;
				ONLY_ACTIVE_ARCH = YES;
				SWIFT_ACTIVE_COMPILATION_CONDITIONS = DEBUG;
				SWIFT_OPTIMIZATION_LEVEL = "-Onone";
			};
			name = Debug;
		};
		2D6AAC552940B5BB00A7AC00 /* Release */ = {
			isa = XCBuildConfiguration;
			buildSettings = {
				ALWAYS_SEARCH_USER_PATHS = NO;
				CLANG_ANALYZER_NONNULL = YES;
				CLANG_ANALYZER_NUMBER_OBJECT_CONVERSION = YES_AGGRESSIVE;
				CLANG_CXX_LANGUAGE_STANDARD = "gnu++20";
				CLANG_ENABLE_MODULES = YES;
				CLANG_ENABLE_OBJC_ARC = YES;
				CLANG_ENABLE_OBJC_WEAK = YES;
				CLANG_WARN_BLOCK_CAPTURE_AUTORELEASING = YES;
				CLANG_WARN_BOOL_CONVERSION = YES;
				CLANG_WARN_COMMA = YES;
				CLANG_WARN_CONSTANT_CONVERSION = YES;
				CLANG_WARN_DEPRECATED_OBJC_IMPLEMENTATIONS = YES;
				CLANG_WARN_DIRECT_OBJC_ISA_USAGE = YES_ERROR;
				CLANG_WARN_DOCUMENTATION_COMMENTS = YES;
				CLANG_WARN_EMPTY_BODY = YES;
				CLANG_WARN_ENUM_CONVERSION = YES;
				CLANG_WARN_INFINITE_RECURSION = YES;
				CLANG_WARN_INT_CONVERSION = YES;
				CLANG_WARN_NON_LITERAL_NULL_CONVERSION = YES;
				CLANG_WARN_OBJC_IMPLICIT_RETAIN_SELF = YES;
				CLANG_WARN_OBJC_LITERAL_CONVERSION = YES;
				CLANG_WARN_OBJC_ROOT_CLASS = YES_ERROR;
				CLANG_WARN_QUOTED_INCLUDE_IN_FRAMEWORK_HEADER = YES;
				CLANG_WARN_RANGE_LOOP_ANALYSIS = YES;
				CLANG_WARN_STRICT_PROTOTYPES = YES;
				CLANG_WARN_SUSPICIOUS_MOVE = YES;
				CLANG_WARN_UNGUARDED_AVAILABILITY = YES_AGGRESSIVE;
				CLANG_WARN_UNREACHABLE_CODE = YES;
				CLANG_WARN__DUPLICATE_METHOD_MATCH = YES;
				COPY_PHASE_STRIP = NO;
				DEBUG_INFORMATION_FORMAT = "dwarf-with-dsym";
				ENABLE_NS_ASSERTIONS = NO;
				ENABLE_STRICT_OBJC_MSGSEND = YES;
				GCC_C_LANGUAGE_STANDARD = gnu11;
				GCC_NO_COMMON_BLOCKS = YES;
				GCC_WARN_64_TO_32_BIT_CONVERSION = YES;
				GCC_WARN_ABOUT_RETURN_TYPE = YES_ERROR;
				GCC_WARN_UNDECLARED_SELECTOR = YES;
				GCC_WARN_UNINITIALIZED_AUTOS = YES_AGGRESSIVE;
				GCC_WARN_UNUSED_FUNCTION = YES;
				GCC_WARN_UNUSED_VARIABLE = YES;
				MTL_ENABLE_DEBUG_INFO = NO;
				MTL_FAST_MATH = YES;
				SWIFT_COMPILATION_MODE = wholemodule;
				SWIFT_OPTIMIZATION_LEVEL = "-O";
			};
			name = Release;
		};
		2D6AAC572940B5BB00A7AC00 /* Debug */ = {
			isa = XCBuildConfiguration;
			buildSettings = {
				ASSETCATALOG_COMPILER_APPICON_NAME = AppIcon;
				ASSETCATALOG_COMPILER_GLOBAL_ACCENT_COLOR_NAME = AccentColor;
				CODE_SIGN_ENTITLEMENTS = Tenwant/Tenwant.entitlements;
				CODE_SIGN_STYLE = Automatic;
				CURRENT_PROJECT_VERSION = 1;
				DEVELOPMENT_ASSET_PATHS = "\"Tenwant/Preview Content\"";
				DEVELOPMENT_TEAM = A8DRB9NKCV;
				ENABLE_HARDENED_RUNTIME = YES;
				"ENABLE_HARDENED_RUNTIME[sdk=macosx*]" = YES;
				ENABLE_PREVIEWS = YES;
				GENERATE_INFOPLIST_FILE = YES;
				INFOPLIST_KEY_CFBundleDisplayName = Tenwant;
				INFOPLIST_KEY_LSApplicationCategoryType = "public.app-category.productivity";
				INFOPLIST_KEY_NSLocationWhenInUseUsageDescription = "We would like to access the current location";
				"INFOPLIST_KEY_UIApplicationSceneManifest_Generation[sdk=iphoneos*]" = YES;
				"INFOPLIST_KEY_UIApplicationSceneManifest_Generation[sdk=iphonesimulator*]" = YES;
				"INFOPLIST_KEY_UIApplicationSupportsIndirectInputEvents[sdk=iphoneos*]" = YES;
				"INFOPLIST_KEY_UIApplicationSupportsIndirectInputEvents[sdk=iphonesimulator*]" = YES;
				"INFOPLIST_KEY_UILaunchScreen_Generation[sdk=iphoneos*]" = YES;
				"INFOPLIST_KEY_UILaunchScreen_Generation[sdk=iphonesimulator*]" = YES;
				"INFOPLIST_KEY_UIStatusBarStyle[sdk=iphoneos*]" = UIStatusBarStyleDefault;
				"INFOPLIST_KEY_UIStatusBarStyle[sdk=iphonesimulator*]" = UIStatusBarStyleDefault;
				INFOPLIST_KEY_UISupportedInterfaceOrientations_iPad = "UIInterfaceOrientationPortrait UIInterfaceOrientationPortraitUpsideDown UIInterfaceOrientationLandscapeLeft UIInterfaceOrientationLandscapeRight";
				INFOPLIST_KEY_UISupportedInterfaceOrientations_iPhone = "UIInterfaceOrientationPortrait UIInterfaceOrientationLandscapeLeft UIInterfaceOrientationLandscapeRight";
				IPHONEOS_DEPLOYMENT_TARGET = 16.1;
				LD_RUNPATH_SEARCH_PATHS = "@executable_path/Frameworks";
				"LD_RUNPATH_SEARCH_PATHS[sdk=macosx*]" = "@executable_path/../Frameworks";
				MACOSX_DEPLOYMENT_TARGET = 13.0;
				MARKETING_VERSION = 1.0;
				PRODUCT_BUNDLE_IDENTIFIER = com.brescanzin.lorenzo.Tenwant;
				PRODUCT_NAME = "$(TARGET_NAME)";
				SDKROOT = auto;
				SUPPORTED_PLATFORMS = "iphoneos iphonesimulator macosx";
				SWIFT_EMIT_LOC_STRINGS = YES;
				SWIFT_VERSION = 5.0;
				TARGETED_DEVICE_FAMILY = "1,2";
			};
			name = Debug;
		};
		2D6AAC582940B5BB00A7AC00 /* Release */ = {
			isa = XCBuildConfiguration;
			buildSettings = {
				ASSETCATALOG_COMPILER_APPICON_NAME = AppIcon;
				ASSETCATALOG_COMPILER_GLOBAL_ACCENT_COLOR_NAME = AccentColor;
				CODE_SIGN_ENTITLEMENTS = Tenwant/Tenwant.entitlements;
				CODE_SIGN_STYLE = Automatic;
				CURRENT_PROJECT_VERSION = 1;
				DEVELOPMENT_ASSET_PATHS = "\"Tenwant/Preview Content\"";
				DEVELOPMENT_TEAM = A8DRB9NKCV;
				ENABLE_HARDENED_RUNTIME = YES;
				"ENABLE_HARDENED_RUNTIME[sdk=macosx*]" = YES;
				ENABLE_PREVIEWS = YES;
				GENERATE_INFOPLIST_FILE = YES;
				INFOPLIST_KEY_CFBundleDisplayName = Tenwant;
				INFOPLIST_KEY_LSApplicationCategoryType = "public.app-category.productivity";
				INFOPLIST_KEY_NSLocationWhenInUseUsageDescription = "We would like to access the current location";
				"INFOPLIST_KEY_UIApplicationSceneManifest_Generation[sdk=iphoneos*]" = YES;
				"INFOPLIST_KEY_UIApplicationSceneManifest_Generation[sdk=iphonesimulator*]" = YES;
				"INFOPLIST_KEY_UIApplicationSupportsIndirectInputEvents[sdk=iphoneos*]" = YES;
				"INFOPLIST_KEY_UIApplicationSupportsIndirectInputEvents[sdk=iphonesimulator*]" = YES;
				"INFOPLIST_KEY_UILaunchScreen_Generation[sdk=iphoneos*]" = YES;
				"INFOPLIST_KEY_UILaunchScreen_Generation[sdk=iphonesimulator*]" = YES;
				"INFOPLIST_KEY_UIStatusBarStyle[sdk=iphoneos*]" = UIStatusBarStyleDefault;
				"INFOPLIST_KEY_UIStatusBarStyle[sdk=iphonesimulator*]" = UIStatusBarStyleDefault;
				INFOPLIST_KEY_UISupportedInterfaceOrientations_iPad = "UIInterfaceOrientationPortrait UIInterfaceOrientationPortraitUpsideDown UIInterfaceOrientationLandscapeLeft UIInterfaceOrientationLandscapeRight";
				INFOPLIST_KEY_UISupportedInterfaceOrientations_iPhone = "UIInterfaceOrientationPortrait UIInterfaceOrientationLandscapeLeft UIInterfaceOrientationLandscapeRight";
				IPHONEOS_DEPLOYMENT_TARGET = 16.1;
				LD_RUNPATH_SEARCH_PATHS = "@executable_path/Frameworks";
				"LD_RUNPATH_SEARCH_PATHS[sdk=macosx*]" = "@executable_path/../Frameworks";
				MACOSX_DEPLOYMENT_TARGET = 13.0;
				MARKETING_VERSION = 1.0;
				PRODUCT_BUNDLE_IDENTIFIER = com.brescanzin.lorenzo.Tenwant;
				PRODUCT_NAME = "$(TARGET_NAME)";
				SDKROOT = auto;
				SUPPORTED_PLATFORMS = "iphoneos iphonesimulator macosx";
				SWIFT_EMIT_LOC_STRINGS = YES;
				SWIFT_VERSION = 5.0;
				TARGETED_DEVICE_FAMILY = "1,2";
			};
			name = Release;
		};
/* End XCBuildConfiguration section */

/* Begin XCConfigurationList section */
		2D6AAC422940B5B900A7AC00 /* Build configuration list for PBXProject "Tenwant" */ = {
			isa = XCConfigurationList;
			buildConfigurations = (
				2D6AAC542940B5BB00A7AC00 /* Debug */,
				2D6AAC552940B5BB00A7AC00 /* Release */,
			);
			defaultConfigurationIsVisible = 0;
			defaultConfigurationName = Release;
		};
		2D6AAC562940B5BB00A7AC00 /* Build configuration list for PBXNativeTarget "Tenwant" */ = {
			isa = XCConfigurationList;
			buildConfigurations = (
				2D6AAC572940B5BB00A7AC00 /* Debug */,
				2D6AAC582940B5BB00A7AC00 /* Release */,
			);
			defaultConfigurationIsVisible = 0;
			defaultConfigurationName = Release;
		};
/* End XCConfigurationList section */

/* Begin XCVersionGroup section */
		BCE95ED62941F4200034D879 /* AccommodationData.xcdatamodeld */ = {
			isa = XCVersionGroup;
			children = (
				BCE95ED72941F4200034D879 /* Accommodation.xcdatamodel */,
			);
			currentVersion = BCE95ED72941F4200034D879 /* Accommodation.xcdatamodel */;
			path = AccommodationData.xcdatamodeld;
			sourceTree = "<group>";
			versionGroupType = wrapper.xcdatamodel;
		};
/* End XCVersionGroup section */
	};
	rootObject = 2D6AAC3F2940B5B900A7AC00 /* Project object */;
}
